Microsoft Visual Studio Solution File, Format Version 12.00
# Visual Studio Version 16
VisualStudioVersion = 16.0.30114.105
MinimumVisualStudioVersion = 10.0.40219.1
Project("{FAE04EC0-301F-11D3-BF4B-00C04F79EFBC}") = "DFeBrasil.Nfce.Danfe", "src\DFeBrasil.Nfce.Danfe\DFeBrasil.Nfce.Danfe.csproj", "{923BCBC8-F36C-4E9F-8082-D3CED39E9497}"
EndProject
Project("{FAE04EC0-301F-11D3-BF4B-00C04F79EFBC}") = "DFeBrasil.Nfce.Danfe.UnitTests", "tests\DFeBrasil.Nfce.Danfe.UnitTests\DFeBrasil.Nfce.Danfe.UnitTests.csproj", "{588360F9-38A3-4735-864A-0EBC966F1B3C}"
EndProject
Project("{2150E333-8FDC-42A3-9474-1A3956D46DE8}") = "src", "src", "{C4923F0D-FF15-41BC-9148-760232064EE6}"
EndProject
Project("{2150E333-8FDC-42A3-9474-1A3956D46DE8}") = "tests", "tests", "{0527DAD8-DB5E-4DAD-80F1-E4C434B678DC}"
EndProject
Project("{FAE04EC0-301F-11D3-BF4B-00C04F79EFBC}") = "DFeBrasil", "src\DFeBrasil\DFeBrasil.csproj", "{8B20811D-3758-498B-933B-BF46969DE3D9}"
EndProject
Project("{2150E333-8FDC-42A3-9474-1A3956D46DE8}") = "demos", "demos", "{452406F8-3C94-44DA-99C2-ACF288D120C2}"
EndProject
Project("{FAE04EC0-301F-11D3-BF4B-00C04F79EFBC}") = "GerarDanfeNfce", "demos\GerarDanfeNfce\GerarDanfeNfce.csproj", "{60F0F69E-A6AF-4EAC-A60A-F14C26939956}"
EndProject
Global
	GlobalSection(SolutionConfigurationPlatforms) = preSolution
		Debug|Any CPU = Debug|Any CPU
		Release|Any CPU = Release|Any CPU
	EndGlobalSection
	GlobalSection(SolutionProperties) = preSolution
		HideSolutionNode = FALSE
	EndGlobalSection
	GlobalSection(ProjectConfigurationPlatforms) = postSolution
		{923BCBC8-F36C-4E9F-8082-D3CED39E9497}.Debug|Any CPU.ActiveCfg = Debug|Any CPU
		{923BCBC8-F36C-4E9F-8082-D3CED39E9497}.Debug|Any CPU.Build.0 = Debug|Any CPU
		{923BCBC8-F36C-4E9F-8082-D3CED39E9497}.Release|Any CPU.ActiveCfg = Release|Any CPU
		{923BCBC8-F36C-4E9F-8082-D3CED39E9497}.Release|Any CPU.Build.0 = Release|Any CPU
		{588360F9-38A3-4735-864A-0EBC966F1B3C}.Debug|Any CPU.ActiveCfg = Debug|Any CPU
		{588360F9-38A3-4735-864A-0EBC966F1B3C}.Debug|Any CPU.Build.0 = Debug|Any CPU
		{588360F9-38A3-4735-864A-0EBC966F1B3C}.Release|Any CPU.ActiveCfg = Release|Any CPU
		{588360F9-38A3-4735-864A-0EBC966F1B3C}.Release|Any CPU.Build.0 = Release|Any CPU
		{8B20811D-3758-498B-933B-BF46969DE3D9}.Debug|Any CPU.ActiveCfg = Debug|Any CPU
		{8B20811D-3758-498B-933B-BF46969DE3D9}.Debug|Any CPU.Build.0 = Debug|Any CPU
		{8B20811D-3758-498B-933B-BF46969DE3D9}.Release|Any CPU.ActiveCfg = Release|Any CPU
		{8B20811D-3758-498B-933B-BF46969DE3D9}.Release|Any CPU.Build.0 = Release|Any CPU
		{60F0F69E-A6AF-4EAC-A60A-F14C26939956}.Debug|Any CPU.ActiveCfg = Debug|Any CPU
		{60F0F69E-A6AF-4EAC-A60A-F14C26939956}.Debug|Any CPU.Build.0 = Debug|Any CPU
		{60F0F69E-A6AF-4EAC-A60A-F14C26939956}.Release|Any CPU.ActiveCfg = Release|Any CPU
		{60F0F69E-A6AF-4EAC-A60A-F14C26939956}.Release|Any CPU.Build.0 = Release|Any CPU
	EndGlobalSection
	GlobalSection(NestedProjects) = preSolution
		{923BCBC8-F36C-4E9F-8082-D3CED39E9497} = {C4923F0D-FF15-41BC-9148-760232064EE6}
		{588360F9-38A3-4735-864A-0EBC966F1B3C} = {0527DAD8-DB5E-4DAD-80F1-E4C434B678DC}
		{8B20811D-3758-498B-933B-BF46969DE3D9} = {C4923F0D-FF15-41BC-9148-760232064EE6}
		{60F0F69E-A6AF-4EAC-A60A-F14C26939956} = {452406F8-3C94-44DA-99C2-ACF288D120C2}
	EndGlobalSection
EndGlobal
